// !$*UTF8*$!
{
	archiveVersion = 1;
	classes = {
	};
	objectVersion = 56;
	objects = {

/* Begin PBXBuildFile section */
		12599C0C2C5F34F700991416 /* MenuIOFunctions.cpp in Sources */ = {isa = PBXBuildFile; fileRef = 12599BFB2C5F34F700991416 /* MenuIOFunctions.cpp */; };
		12599C0D2C5F34F700991416 /* OrderHandlingFunctions.cpp in Sources */ = {isa = PBXBuildFile; fileRef = 12599BFC2C5F34F700991416 /* OrderHandlingFunctions.cpp */; };
		12599C0E2C5F34F700991416 /* OrderList.cpp in Sources */ = {isa = PBXBuildFile; fileRef = 12599C052C5F34F700991416 /* OrderList.cpp */; };
		12599C0F2C5F34F700991416 /* OrderNode.cpp in Sources */ = {isa = PBXBuildFile; fileRef = 12599C062C5F34F700991416 /* OrderNode.cpp */; };
		12599C102C5F34F700991416 /* main.cpp in Sources */ = {isa = PBXBuildFile; fileRef = 12599C082C5F34F700991416 /* main.cpp */; };
		12599C112C5F34F700991416 /* MenuItem.cpp in Sources */ = {isa = PBXBuildFile; fileRef = 12599C092C5F34F700991416 /* MenuItem.cpp */; };
		12599C122C5F34F700991416 /* Order.cpp in Sources */ = {isa = PBXBuildFile; fileRef = 12599C0A2C5F34F700991416 /* Order.cpp */; };
/* End PBXBuildFile section */

/* Begin PBXCopyFilesBuildPhase section */
		12AAAE9C2C5D9879002ECEB4 /* CopyFiles */ = {
			isa = PBXCopyFilesBuildPhase;
			buildActionMask = 2147483647;
			dstPath = /usr/share/man/man1/;
			dstSubfolderSpec = 0;
			files = (
			);
			runOnlyForDeploymentPostprocessing = 1;
		};
/* End PBXCopyFilesBuildPhase section */

/* Begin PBXFileReference section */
		12599BFB2C5F34F700991416 /* MenuIOFunctions.cpp */ = {isa = PBXFileReference; fileEncoding = 4; lastKnownFileType = sourcecode.cpp.cpp; path = MenuIOFunctions.cpp; sourceTree = "<group>"; };
		12599BFC2C5F34F700991416 /* OrderHandlingFunctions.cpp */ = {isa = PBXFileReference; fileEncoding = 4; lastKnownFileType = sourcecode.cpp.cpp; path = OrderHandlingFunctions.cpp; sourceTree = "<group>"; };
		12599BFE2C5F34F700991416 /* MenuIOFunctions.h */ = {isa = PBXFileReference; fileEncoding = 4; lastKnownFileType = sourcecode.c.h; path = MenuIOFunctions.h; sourceTree = "<group>"; };
		12599BFF2C5F34F700991416 /* MenuItem.h */ = {isa = PBXFileReference; fileEncoding = 4; lastKnownFileType = sourcecode.c.h; path = MenuItem.h; sourceTree = "<group>"; };
		12599C002C5F34F700991416 /* Order.h */ = {isa = PBXFileReference; fileEncoding = 4; lastKnownFileType = sourcecode.c.h; path = Order.h; sourceTree = "<group>"; };
		12599C012C5F34F700991416 /* OrderHandlingFunctions.h */ = {isa = PBXFileReference; fileEncoding = 4; lastKnownFileType = sourcecode.c.h; path = OrderHandlingFunctions.h; sourceTree = "<group>"; };
		12599C022C5F34F700991416 /* OrderList.h */ = {isa = PBXFileReference; fileEncoding = 4; lastKnownFileType = sourcecode.c.h; path = OrderList.h; sourceTree = "<group>"; };
		12599C032C5F34F700991416 /* OrderNode.h */ = {isa = PBXFileReference; fileEncoding = 4; lastKnownFileType = sourcecode.c.h; path = OrderNode.h; sourceTree = "<group>"; };
		12599C052C5F34F700991416 /* OrderList.cpp */ = {isa = PBXFileReference; fileEncoding = 4; lastKnownFileType = sourcecode.cpp.cpp; path = OrderList.cpp; sourceTree = "<group>"; };
		12599C062C5F34F700991416 /* OrderNode.cpp */ = {isa = PBXFileReference; fileEncoding = 4; lastKnownFileType = sourcecode.cpp.cpp; path = OrderNode.cpp; sourceTree = "<group>"; };
		12599C082C5F34F700991416 /* main.cpp */ = {isa = PBXFileReference; fileEncoding = 4; lastKnownFileType = sourcecode.cpp.cpp; path = main.cpp; sourceTree = "<group>"; };
		12599C092C5F34F700991416 /* MenuItem.cpp */ = {isa = PBXFileReference; fileEncoding = 4; lastKnownFileType = sourcecode.cpp.cpp; path = MenuItem.cpp; sourceTree = "<group>"; };
		12599C0A2C5F34F700991416 /* Order.cpp */ = {isa = PBXFileReference; fileEncoding = 4; lastKnownFileType = sourcecode.cpp.cpp; path = Order.cpp; sourceTree = "<group>"; };
		12AAAE9E2C5D9879002ECEB4 /* Cafe POS */ = {isa = PBXFileReference; explicitFileType = "compiled.mach-o.executable"; includeInIndex = 0; path = "Cafe POS"; sourceTree = BUILT_PRODUCTS_DIR; };
/* End PBXFileReference section */

/* Begin PBXFrameworksBuildPhase section */
		12AAAE9B2C5D9879002ECEB4 /* Frameworks */ = {
			isa = PBXFrameworksBuildPhase;
			buildActionMask = 2147483647;
			files = (
			);
			runOnlyForDeploymentPostprocessing = 0;
		};
/* End PBXFrameworksBuildPhase section */

/* Begin PBXGroup section */
		12599BFD2C5F34F700991416 /* Functions */ = {
			isa = PBXGroup;
			children = (
				12599BFB2C5F34F700991416 /* MenuIOFunctions.cpp */,
				12599BFC2C5F34F700991416 /* OrderHandlingFunctions.cpp */,
			);
			path = Functions;
			sourceTree = "<group>";
		};
		12599C042C5F34F700991416 /* Headers */ = {
			isa = PBXGroup;
			children = (
				12599BFE2C5F34F700991416 /* MenuIOFunctions.h */,
				12599BFF2C5F34F700991416 /* MenuItem.h */,
				12599C002C5F34F700991416 /* Order.h */,
				12599C012C5F34F700991416 /* OrderHandlingFunctions.h */,
				12599C022C5F34F700991416 /* OrderList.h */,
				12599C032C5F34F700991416 /* OrderNode.h */,
			);
			path = Headers;
			sourceTree = "<group>";
		};
		12599C072C5F34F700991416 /* ListBodys */ = {
			isa = PBXGroup;
			children = (
				12599C052C5F34F700991416 /* OrderList.cpp */,
				12599C062C5F34F700991416 /* OrderNode.cpp */,
			);
			path = ListBodys;
			sourceTree = "<group>";
		};
		12599C0B2C5F34F700991416 /* CafePOS */ = {
			isa = PBXGroup;
			children = (
				12599BFD2C5F34F700991416 /* Functions */,
				12599C042C5F34F700991416 /* Headers */,
				12599C072C5F34F700991416 /* ListBodys */,
				12599C082C5F34F700991416 /* main.cpp */,
				12599C092C5F34F700991416 /* MenuItem.cpp */,
				12599C0A2C5F34F700991416 /* Order.cpp */,
			);
			path = CafePOS;
			sourceTree = "<group>";
		};
		12AAAE952C5D9879002ECEB4 = {
			isa = PBXGroup;
			children = (
				12599C0B2C5F34F700991416 /* CafePOS */,
				12AAAE9F2C5D9879002ECEB4 /* Products */,
			);
			sourceTree = "<group>";
		};
		12AAAE9F2C5D9879002ECEB4 /* Products */ = {
			isa = PBXGroup;
			children = (
				12AAAE9E2C5D9879002ECEB4 /* Cafe POS */,
			);
			name = Products;
			sourceTree = "<group>";
		};
/* End PBXGroup section */

/* Begin PBXNativeTarget section */
		12AAAE9D2C5D9879002ECEB4 /* Cafe POS */ = {
			isa = PBXNativeTarget;
			buildConfigurationList = 12AAAEA52C5D9879002ECEB4 /* Build configuration list for PBXNativeTarget "Cafe POS" */;
			buildPhases = (
				12AAAE9A2C5D9879002ECEB4 /* Sources */,
				12AAAE9B2C5D9879002ECEB4 /* Frameworks */,
				12AAAE9C2C5D9879002ECEB4 /* CopyFiles */,
			);
			buildRules = (
			);
			dependencies = (
			);
			name = "Cafe POS";
			productName = "Cafe POS";
			productReference = 12AAAE9E2C5D9879002ECEB4 /* Cafe POS */;
			productType = "com.apple.product-type.tool";
		};
/* End PBXNativeTarget section */

/* Begin PBXProject section */
		12AAAE962C5D9879002ECEB4 /* Project object */ = {
			isa = PBXProject;
			attributes = {
				BuildIndependentTargetsInParallel = 1;
				LastUpgradeCheck = 1540;
				TargetAttributes = {
					12AAAE9D2C5D9879002ECEB4 = {
						CreatedOnToolsVersion = 15.4;
					};
				};
			};
			buildConfigurationList = 12AAAE992C5D9879002ECEB4 /* Build configuration list for PBXProject "CafePOS" */;
			compatibilityVersion = "Xcode 14.0";
			developmentRegion = en;
			hasScannedForEncodings = 0;
			knownRegions = (
				en,
				Base,
			);
			mainGroup = 12AAAE952C5D9879002ECEB4;
			productRefGroup = 12AAAE9F2C5D9879002ECEB4 /* Products */;
			projectDirPath = "";
			projectRoot = "";
			targets = (
				12AAAE9D2C5D9879002ECEB4 /* Cafe POS */,
			);
		};
/* End PBXProject section */

/* Begin PBXSourcesBuildPhase section */
		12AAAE9A2C5D9879002ECEB4 /* Sources */ = {
			isa = PBXSourcesBuildPhase;
			buildActionMask = 2147483647;
			files = (
				12599C0F2C5F34F700991416 /* OrderNode.cpp in Sources */,
				12599C0E2C5F34F700991416 /* OrderList.cpp in Sources */,
				12599C0C2C5F34F700991416 /* MenuIOFunctions.cpp in Sources */,
				12599C112C5F34F700991416 /* MenuItem.cpp in Sources */,
				12599C102C5F34F700991416 /* main.cpp in Sources */,
				12599C0D2C5F34F700991416 /* OrderHandlingFunctions.cpp in Sources */,
				12599C122C5F34F700991416 /* Order.cpp in Sources */,
			);
			runOnlyForDeploymentPostprocessing = 0;
		};
/* End PBXSourcesBuildPhase section */

/* Begin XCBuildConfiguration section */
		12AAAEA32C5D9879002ECEB4 /* Debug */ = {
			isa = XCBuildConfiguration;
			buildSettings = {
				ALWAYS_SEARCH_USER_PATHS = NO;
				ASSETCATALOG_COMPILER_GENERATE_SWIFT_ASSET_SYMBOL_EXTENSIONS = YES;
				CLANG_ANALYZER_NONNULL = YES;
				CLANG_ANALYZER_NUMBER_OBJECT_CONVERSION = YES_AGGRESSIVE;
				CLANG_CXX_LANGUAGE_STANDARD = "gnu++20";
				CLANG_ENABLE_MODULES = YES;
				CLANG_ENABLE_OBJC_ARC = YES;
				CLANG_ENABLE_OBJC_WEAK = YES;
				CLANG_WARN_BLOCK_CAPTURE_AUTORELEASING = YES;
				CLANG_WARN_BOOL_CONVERSION = YES;
				CLANG_WARN_COMMA = YES;
				CLANG_WARN_CONSTANT_CONVERSION = YES;
				CLANG_WARN_DEPRECATED_OBJC_IMPLEMENTATIONS = YES;
				CLANG_WARN_DIRECT_OBJC_ISA_USAGE = YES_ERROR;
				CLANG_WARN_DOCUMENTATION_COMMENTS = YES;
				CLANG_WARN_EMPTY_BODY = YES;
				CLANG_WARN_ENUM_CONVERSION = YES;
				CLANG_WARN_INFINITE_RECURSION = YES;
				CLANG_WARN_INT_CONVERSION = YES;
				CLANG_WARN_NON_LITERAL_NULL_CONVERSION = YES;
				CLANG_WARN_OBJC_IMPLICIT_RETAIN_SELF = YES;
				CLANG_WARN_OBJC_LITERAL_CONVERSION = YES;
				CLANG_WARN_OBJC_ROOT_CLASS = YES_ERROR;
				CLANG_WARN_QUOTED_INCLUDE_IN_FRAMEWORK_HEADER = YES;
				CLANG_WARN_RANGE_LOOP_ANALYSIS = YES;
				CLANG_WARN_STRICT_PROTOTYPES = YES;
				CLANG_WARN_SUSPICIOUS_MOVE = YES;
				CLANG_WARN_UNGUARDED_AVAILABILITY = YES_AGGRESSIVE;
				CLANG_WARN_UNREACHABLE_CODE = YES;
				CLANG_WARN__DUPLICATE_METHOD_MATCH = YES;
				COPY_PHASE_STRIP = NO;
				DEBUG_INFORMATION_FORMAT = dwarf;
				ENABLE_STRICT_OBJC_MSGSEND = YES;
				ENABLE_TESTABILITY = YES;
				ENABLE_USER_SCRIPT_SANDBOXING = YES;
				GCC_C_LANGUAGE_STANDARD = gnu17;
				GCC_DYNAMIC_NO_PIC = NO;
				GCC_NO_COMMON_BLOCKS = YES;
				GCC_OPTIMIZATION_LEVEL = 0;
				GCC_PREPROCESSOR_DEFINITIONS = (
					"DEBUG=1",
					"$(inherited)",
				);
				GCC_WARN_64_TO_32_BIT_CONVERSION = YES;
				GCC_WARN_ABOUT_RETURN_TYPE = YES_ERROR;
				GCC_WARN_UNDECLARED_SELECTOR = YES;
				GCC_WARN_UNINITIALIZED_AUTOS = YES_AGGRESSIVE;
				GCC_WARN_UNUSED_FUNCTION = YES;
				GCC_WARN_UNUSED_VARIABLE = YES;
				LOCALIZATION_PREFERS_STRING_CATALOGS = YES;
				MACOSX_DEPLOYMENT_TARGET = 14.4;
				MTL_ENABLE_DEBUG_INFO = INCLUDE_SOURCE;
				MTL_FAST_MATH = YES;
				ONLY_ACTIVE_ARCH = YES;
				SDKROOT = macosx;
			};
			name = Debug;
		};
		12AAAEA42C5D9879002ECEB4 /* Release */ = {
			isa = XCBuildConfiguration;
			buildSettings = {
				ALWAYS_SEARCH_USER_PATHS = NO;
				ASSETCATALOG_COMPILER_GENERATE_SWIFT_ASSET_SYMBOL_EXTENSIONS = YES;
				CLANG_ANALYZER_NONNULL = YES;
				CLANG_ANALYZER_NUMBER_OBJECT_CONVERSION = YES_AGGRESSIVE;
				CLANG_CXX_LANGUAGE_STANDARD = "gnu++20";
				CLANG_ENABLE_MODULES = YES;
				CLANG_ENABLE_OBJC_ARC = YES;
				CLANG_ENABLE_OBJC_WEAK = YES;
				CLANG_WARN_BLOCK_CAPTURE_AUTORELEASING = YES;
				CLANG_WARN_BOOL_CONVERSION = YES;
				CLANG_WARN_COMMA = YES;
				CLANG_WARN_CONSTANT_CONVERSION = YES;
				CLANG_WARN_DEPRECATED_OBJC_IMPLEMENTATIONS = YES;
				CLANG_WARN_DIRECT_OBJC_ISA_USAGE = YES_ERROR;
				CLANG_WARN_DOCUMENTATION_COMMENTS = YES;
				CLANG_WARN_EMPTY_BODY = YES;
				CLANG_WARN_ENUM_CONVERSION = YES;
				CLANG_WARN_INFINITE_RECURSION = YES;
				CLANG_WARN_INT_CONVERSION = YES;
				CLANG_WARN_NON_LITERAL_NULL_CONVERSION = YES;
				CLANG_WARN_OBJC_IMPLICIT_RETAIN_SELF = YES;
				CLANG_WARN_OBJC_LITERAL_CONVERSION = YES;
				CLANG_WARN_OBJC_ROOT_CLASS = YES_ERROR;
				CLANG_WARN_QUOTED_INCLUDE_IN_FRAMEWORK_HEADER = YES;
				CLANG_WARN_RANGE_LOOP_ANALYSIS = YES;
				CLANG_WARN_STRICT_PROTOTYPES = YES;
				CLANG_WARN_SUSPICIOUS_MOVE = YES;
				CLANG_WARN_UNGUARDED_AVAILABILITY = YES_AGGRESSIVE;
				CLANG_WARN_UNREACHABLE_CODE = YES;
				CLANG_WARN__DUPLICATE_METHOD_MATCH = YES;
				COPY_PHASE_STRIP = NO;
				DEBUG_INFORMATION_FORMAT = "dwarf-with-dsym";
				ENABLE_NS_ASSERTIONS = NO;
				ENABLE_STRICT_OBJC_MSGSEND = YES;
				ENABLE_USER_SCRIPT_SANDBOXING = YES;
				GCC_C_LANGUAGE_STANDARD = gnu17;
				GCC_NO_COMMON_BLOCKS = YES;
				GCC_WARN_64_TO_32_BIT_CONVERSION = YES;
				GCC_WARN_ABOUT_RETURN_TYPE = YES_ERROR;
				GCC_WARN_UNDECLARED_SELECTOR = YES;
				GCC_WARN_UNINITIALIZED_AUTOS = YES_AGGRESSIVE;
				GCC_WARN_UNUSED_FUNCTION = YES;
				GCC_WARN_UNUSED_VARIABLE = YES;
				LOCALIZATION_PREFERS_STRING_CATALOGS = YES;
				MACOSX_DEPLOYMENT_TARGET = 14.4;
				MTL_ENABLE_DEBUG_INFO = NO;
				MTL_FAST_MATH = YES;
				SDKROOT = macosx;
			};
			name = Release;
		};
		12AAAEA62C5D9879002ECEB4 /* Debug */ = {
			isa = XCBuildConfiguration;
			buildSettings = {
				CODE_SIGN_STYLE = Automatic;
				MACOSX_DEPLOYMENT_TARGET = 14.4;
				PRODUCT_NAME = "$(TARGET_NAME)";
			};
			name = Debug;
		};
		12AAAEA72C5D9879002ECEB4 /* Release */ = {
			isa = XCBuildConfiguration;
			buildSettings = {
				CODE_SIGN_STYLE = Automatic;
				MACOSX_DEPLOYMENT_TARGET = 14.4;
				PRODUCT_NAME = "$(TARGET_NAME)";
			};
			name = Release;
		};
/* End XCBuildConfiguration section */

/* Begin XCConfigurationList section */
		12AAAE992C5D9879002ECEB4 /* Build configuration list for PBXProject "CafePOS" */ = {
			isa = XCConfigurationList;
			buildConfigurations = (
				12AAAEA32C5D9879002ECEB4 /* Debug */,
				12AAAEA42C5D9879002ECEB4 /* Release */,
			);
			defaultConfigurationIsVisible = 0;
			defaultConfigurationName = Release;
		};
		12AAAEA52C5D9879002ECEB4 /* Build configuration list for PBXNativeTarget "Cafe POS" */ = {
			isa = XCConfigurationList;
			buildConfigurations = (
				12AAAEA62C5D9879002ECEB4 /* Debug */,
				12AAAEA72C5D9879002ECEB4 /* Release */,
			);
			defaultConfigurationIsVisible = 0;
			defaultConfigurationName = Release;
		};
/* End XCConfigurationList section */
	};
	rootObject = 12AAAE962C5D9879002ECEB4 /* Project object */;
}
